
Microsoft Visual Studio Solution File, Format Version 12.00
# Visual Studio Version 17
VisualStudioVersion = 17.14.36414.22 d17.14
MinimumVisualStudioVersion = 10.0.40219.1
Project("{FAE04EC0-301F-11D3-BF4B-00C04F79EFBC}") = "roteiro.5", "roteiro.5\roteiro.5.csproj", "{B1AB3BC4-7E69-4411-971A-D3D51EA07A7D}"
EndProject
Global
	GlobalSection(SolutionConfigurationPlatforms) = preSolution
		Debug|Any CPU = Debug|Any CPU
		Release|Any CPU = Release|Any CPU
	EndGlobalSection
	GlobalSection(ProjectConfigurationPlatforms) = postSolution
		{B1AB3BC4-7E69-4411-971A-D3D51EA07A7D}.Debug|Any CPU.ActiveCfg = Debug|Any CPU
		{B1AB3BC4-7E69-4411-971A-D3D51EA07A7D}.Debug|Any CPU.Build.0 = Debug|Any CPU
		{B1AB3BC4-7E69-4411-971A-D3D51EA07A7D}.Release|Any CPU.ActiveCfg = Release|Any CPU
		{B1AB3BC4-7E69-4411-971A-D3D51EA07A7D}.Release|Any CPU.Build.0 = Release|Any CPU
	EndGlobalSection
	GlobalSection(SolutionProperties) = preSolution
		HideSolutionNode = FALSE
	EndGlobalSection
	GlobalSection(ExtensibilityGlobals) = postSolution
		SolutionGuid = {3A45EE78-4AD6-4CA1-B93B-F3CAE2D7A58F}
	EndGlobalSection
EndGlobal
